# This file is autogenerated, do not edit; changes may be undone by the next 'dep ensure'.


[[projects]]
  name = "github.com/alicebob/miniredis"
  packages = [".","server"]
  revision = "70cb3fab2cf658a95f2ccae5bfb2f0ccbba0c548"
  version = "2.2.1"

[[projects]]
  name = "github.com/go-redis/redis"
  packages = [".","internal","internal/consistenthash","internal/hashtag","internal/pool","internal/proto"]
  revision = "73b70592cdaa9e6abdfcfbf97b4a90d80728c836"
  version = "v6.8.0"

[[projects]]
  name = "github.com/pkg/errors"
  packages = ["."]
  revision = "645ef00459ed84a119197bfb8d8205042c6df63d"
  version = "v0.8.0"

[solve-meta]
  analyzer-name = "dep"
  analyzer-version = 1
  inputs-digest = "93a01b3e42e4d5b8860d2c4c64f81dc06a6f62456564ad913d31d8bc07c90511"
  solver-name = "gps-cdcl"
  solver-version = 1
